<?xml version="1.0" encoding="utf-8"?>
<Project ToolsVersion="4.0" xmlns="http://schemas.microsoft.com/developer/msbuild/2003">
  <ItemGroup>
    <Filter Include="src">
      <UniqueIdentifier>{4FC737F1-C7A5-4376-A066-2A32D752A2FF}</UniqueIdentifier>
      <Extensions>cpp;c;cc;cxx;def;odl;idl;hpj;bat;asm;asmx</Extensions>
    </Filter>
  </ItemGroup>
  <ItemGroup>
    <ClCompile Include="..\src\burger_test\UMMain.cpp">
      <Filter>src</Filter>
    </ClCompile>
    <ClCompile Include="..\src\burger_test\UMMatrixTest.cpp">
      <Filter>src</Filter>
    </ClCompile>
    <ClCompile Include="..\src\burger_test\UMVectorTest.cpp">
      <Filter>src</Filter>
    </ClCompile>
    <ClCompile Include="..\src\burger_test\UMPrimitiveTest.cpp">
      <Filter>src</Filter>
    </ClCompile>
    <ClCompile Include="..\src\burger_test\UMImageTest.cpp">
      <Filter>src</Filter>
    </ClCompile>
    <ClCompile Include="..\src\burger_test\UMCameraTest.cpp">
      <Filter>src</Filter>
    </ClCompile>
  </ItemGroup>
</Project>