<?xml version="1.0" encoding="utf-8"?>
<Project ToolsVersion="4.0" xmlns="http://schemas.microsoft.com/developer/msbuild/2003">
  <ItemGroup>
    <Filter Include="src">
      <UniqueIdentifier>{4FC737F1-C7A5-4376-A066-2A32D752A2FF}</UniqueIdentifier>
      <Extensions>cpp;c;cc;cxx;def;odl;idl;hpj;bat;asm;asmx</Extensions>
    </Filter>
    <Filter Include="src\math">
      <UniqueIdentifier>{d01eb1cb-bdc4-4a1e-8f3e-390df7777d0f}</UniqueIdentifier>
    </Filter>
    <Filter Include="src\data">
      <UniqueIdentifier>{46e4d502-7459-489e-aaf8-b5a6c2c71385}</UniqueIdentifier>
    </Filter>
    <Filter Include="src\image">
      <UniqueIdentifier>{af7ce0b2-50b5-4d4b-95d8-27f563008ace}</UniqueIdentifier>
    </Filter>
    <Filter Include="src\raytrace_render">
      <UniqueIdentifier>{ea58cbfc-f69f-4033-baac-825fb2b20eca}</UniqueIdentifier>
    </Filter>
  </ItemGroup>
  <ItemGroup>
    <ClCompile Include="..\src\burger\UMRaytracer.cpp">
      <Filter>src\raytrace_render</Filter>
    </ClCompile>
    <ClCompile Include="..\src\burger\UMTga.cpp">
      <Filter>src\image</Filter>
    </ClCompile>
    <ClCompile Include="..\src\burger\UMPlane.cpp">
      <Filter>src\data</Filter>
    </ClCompile>
    <ClCompile Include="..\src\burger\UMSphere.cpp">
      <Filter>src\data</Filter>
    </ClCompile>
    <ClCompile Include="..\src\burger\UMMain.cpp">
      <Filter>src</Filter>
    </ClCompile>
    <ClCompile Include="..\src\burger\UMScene.cpp">
      <Filter>src</Filter>
    </ClCompile>
    <ClCompile Include="..\src\burger\UMImage.cpp">
      <Filter>src\image</Filter>
    </ClCompile>
    <ClCompile Include="..\src\burger\UMTriangle.cpp">
      <Filter>src\data</Filter>
    </ClCompile>
    <ClCompile Include="..\src\burger\UMCamera.cpp">
      <Filter>src</Filter>
    </ClCompile>
    <ClCompile Include="..\src\burger\UMLight.cpp">
      <Filter>src</Filter>
    </ClCompile>
    <ClCompile Include="..\src\burger\UMMesh.cpp">
      <Filter>src\data</Filter>
    </ClCompile>
    <ClCompile Include="..\src\burger\UMMaterial.cpp">
      <Filter>src</Filter>
    </ClCompile>
    <ClCompile Include="..\src\burger\UMBox.cpp">
      <Filter>src\data</Filter>
    </ClCompile>
  </ItemGroup>
  <ItemGroup>
    <ClInclude Include="..\src\burger\UMRaytracer.h">
      <Filter>src\raytrace_render</Filter>
    </ClInclude>
    <ClInclude Include="..\src\burger\UMVector.h">
      <Filter>src\math</Filter>
    </ClInclude>
    <ClInclude Include="..\src\burger\UMImage.h">
      <Filter>src\image</Filter>
    </ClInclude>
    <ClInclude Include="..\src\burger\UMTga.h">
      <Filter>src\image</Filter>
    </ClInclude>
    <ClInclude Include="..\src\burger\UMPlane.h">
      <Filter>src\data</Filter>
    </ClInclude>
    <ClInclude Include="..\src\burger\UMRay.h">
      <Filter>src\data</Filter>
    </ClInclude>
    <ClInclude Include="..\src\burger\UMSphere.h">
      <Filter>src\data</Filter>
    </ClInclude>
    <ClInclude Include="..\src\burger\UMRenderParameter.h">
      <Filter>src</Filter>
    </ClInclude>
    <ClInclude Include="..\src\burger\UMShaderParameter.h">
      <Filter>src</Filter>
    </ClInclude>
    <ClInclude Include="..\src\burger\UMRenderer.h">
      <Filter>src</Filter>
    </ClInclude>
    <ClInclude Include="..\src\burger\UMScene.h">
      <Filter>src</Filter>
    </ClInclude>
    <ClInclude Include="..\src\burger\UMMacro.h">
      <Filter>src</Filter>
    </ClInclude>
    <ClInclude Include="..\src\burger\UMMatrix.h">
      <Filter>src\math</Filter>
    </ClInclude>
    <ClInclude Include="..\src\burger\UMTriangle.h">
      <Filter>src\data</Filter>
    </ClInclude>
    <ClInclude Include="..\src\burger\UMCamera.h">
      <Filter>src</Filter>
    </ClInclude>
    <ClInclude Include="..\src\burger\UMMath.h">
      <Filter>src\math</Filter>
    </ClInclude>
    <ClInclude Include="..\src\burger\UMMesh.h">
      <Filter>src\data</Filter>
    </ClInclude>
    <ClInclude Include="..\src\burger\UMMeshGroup.h">
      <Filter>src\data</Filter>
    </ClInclude>
    <ClInclude Include="..\src\burger\UMLight.h">
      <Filter>src</Filter>
    </ClInclude>
    <ClInclude Include="..\src\burger\UMMaterial.h">
      <Filter>src</Filter>
    </ClInclude>
    <ClInclude Include="..\src\burger\UMPrimitive.h">
      <Filter>src\data</Filter>
    </ClInclude>
    <ClInclude Include="..\src\burger\UMBox.h">
      <Filter>src\data</Filter>
    </ClInclude>
  </ItemGroup>
</Project>