<?xml version="1.0" encoding="utf-8"?>
<Project ToolsVersion="4.0" xmlns="http://schemas.microsoft.com/developer/msbuild/2003">
  <ItemGroup>
    <Filter Include="src">
      <UniqueIdentifier>{4FC737F1-C7A5-4376-A066-2A32D752A2FF}</UniqueIdentifier>
      <Extensions>cpp;c;cc;cxx;def;odl;idl;hpj;bat;asm;asmx</Extensions>
    </Filter>
    <Filter Include="src\math">
      <UniqueIdentifier>{d01eb1cb-bdc4-4a1e-8f3e-390df7777d0f}</UniqueIdentifier>
    </Filter>
    <Filter Include="src\data">
      <UniqueIdentifier>{46e4d502-7459-489e-aaf8-b5a6c2c71385}</UniqueIdentifier>
    </Filter>
    <Filter Include="src\image">
      <UniqueIdentifier>{af7ce0b2-50b5-4d4b-95d8-27f563008ace}</UniqueIdentifier>
    </Filter>
  </ItemGroup>
  <ItemGroup>
    <ClCompile Include="..\src\UMMain.cpp">
      <Filter>src</Filter>
    </ClCompile>
    <ClCompile Include="..\src\UMRaytracer.cpp">
      <Filter>src</Filter>
    </ClCompile>
    <ClCompile Include="..\src\UMSphere.cpp">
      <Filter>src\data</Filter>
    </ClCompile>
    <ClCompile Include="..\src\UMPlane.cpp">
      <Filter>src\data</Filter>
    </ClCompile>
    <ClCompile Include="..\src\UMTga.cpp">
      <Filter>src\image</Filter>
    </ClCompile>
  </ItemGroup>
  <ItemGroup>
    <ClInclude Include="..\src\UMRenderer.h">
      <Filter>src</Filter>
    </ClInclude>
    <ClInclude Include="..\src\UMVector.h">
      <Filter>src\math</Filter>
    </ClInclude>
    <ClInclude Include="..\src\UMModelObject.h">
      <Filter>src\data</Filter>
    </ClInclude>
    <ClInclude Include="..\src\UMRay.h">
      <Filter>src\data</Filter>
    </ClInclude>
    <ClInclude Include="..\src\UMPlane.h">
      <Filter>src\data</Filter>
    </ClInclude>
    <ClInclude Include="..\src\UMSphere.h">
      <Filter>src\data</Filter>
    </ClInclude>
    <ClInclude Include="..\src\UMShaderParameter.h">
      <Filter>src\data</Filter>
    </ClInclude>
    <ClInclude Include="..\src\UMRenderParameter.h">
      <Filter>src\data</Filter>
    </ClInclude>
    <ClInclude Include="..\src\UMRaytracer.h">
      <Filter>src</Filter>
    </ClInclude>
    <ClInclude Include="..\src\UMScene.h">
      <Filter>src</Filter>
    </ClInclude>
    <ClInclude Include="..\src\UMPrimitive.h">
      <Filter>src\data</Filter>
    </ClInclude>
    <ClInclude Include="..\src\UMTga.h">
      <Filter>src\image</Filter>
    </ClInclude>
    <ClInclude Include="..\src\UMImage.h">
      <Filter>src\image</Filter>
    </ClInclude>
  </ItemGroup>
</Project>